{
  "name": "novation-launchpadmk2",
  "version": "1.0.0",
  "lockfileVersion": 1,
  "requires": true,
  "dependencies": {
    "@types/webmidi": {
      "version": "2.0.3",
      "resolved": "https://registry.npmjs.org/@types/webmidi/-/webmidi-2.0.3.tgz",
      "integrity": "sha512-ui4QxwMIf1I601Pw1FgWJqBOOitrWbeox8XENUIR/R7iQ2r3/BROXBpaYq8fKkk6AvGmBKN9oolURHC36KUI0Q=="
    },
    "jazz-midi": {
      "version": "1.7.1",
      "resolved": "https://registry.npmjs.org/jazz-midi/-/jazz-midi-1.7.1.tgz",
      "integrity": "sha512-yHA9uy+OYbEXKwiAq6dPjgJ+2mB+xH9f1WWegWdqKy0rENiLJ8QHrEkkposltjnEza8pBm1IOfxzcEOIF+YTgQ=="
    },
    "jzz": {
      "version": "0.9.7",
      "resolved": "https://registry.npmjs.org/jzz/-/jzz-0.9.7.tgz",
      "integrity": "sha512-fquw/WqCtrztolbaOKODj8xma3mo6MwuLNICLSrOdn2UeWxz1bKdRZaMTSuLTY3zLJy12i+7DM9hbESawu5GSA==",
      "requires": {
        "@types/webmidi": "^2.0.3",
        "jazz-midi": "^1.7.1"
      }
    }
  }
}
